
Microsoft Visual Studio Solution File, Format Version 12.00
# Visual Studio Version 18
VisualStudioVersion = 18.2.11415.280 d18.0
MinimumVisualStudioVersion = 10.0.40219.1
Project("{9A19103F-16F7-4668-BE54-9A1E7A4F7556}") = "WSRS-SWAFO", "WSRS-SWAFO\WSRS-SWAFO.csproj", "{2FFC48B9-AD0F-4D06-A885-DBE158AB617F}"
EndProject
Project("{2150E333-8FDC-42A3-9474-1A3956D46DE8}") = "Solution Items", "Solution Items", "{B7F3DD9E-0B42-4B20-8537-C3DBE03EF301}"
	ProjectSection(SolutionItems) = preProject
		.editorconfig = .editorconfig
	EndProjectSection
EndProject
Project("{9A19103F-16F7-4668-BE54-9A1E7A4F7556}") = "WSRS-Student", "WSRS-Student\WSRS-Student.csproj", "{ABB05381-0E01-AACF-6DEC-EB2C00ED26DA}"
EndProject
Project("{FAE04EC0-301F-11D3-BF4B-00C04F79EFBC}") = "WSRS-Formators", "WSRS-Formators\WSRS-Formators.csproj", "{E75B93F3-E792-4EAC-B800-2D1B0AAF5161}"
EndProject
Project("{FAE04EC0-301F-11D3-BF4B-00C04F79EFBC}") = "WSRS-Api", "WSRS-Api\WSRS-Api.csproj", "{71F12AAC-4BE8-48B5-ADA1-CDD232F9DD1B}"
EndProject
Global
	GlobalSection(SolutionConfigurationPlatforms) = preSolution
		Debug|Any CPU = Debug|Any CPU
		Debug|x64 = Debug|x64
		Debug|x86 = Debug|x86
		Release|Any CPU = Release|Any CPU
		Release|x64 = Release|x64
		Release|x86 = Release|x86
	EndGlobalSection
	GlobalSection(ProjectConfigurationPlatforms) = postSolution
		{2FFC48B9-AD0F-4D06-A885-DBE158AB617F}.Debug|Any CPU.ActiveCfg = Debug|Any CPU
		{2FFC48B9-AD0F-4D06-A885-DBE158AB617F}.Debug|Any CPU.Build.0 = Debug|Any CPU
		{2FFC48B9-AD0F-4D06-A885-DBE158AB617F}.Debug|x64.ActiveCfg = Debug|Any CPU
		{2FFC48B9-AD0F-4D06-A885-DBE158AB617F}.Debug|x64.Build.0 = Debug|Any CPU
		{2FFC48B9-AD0F-4D06-A885-DBE158AB617F}.Debug|x86.ActiveCfg = Debug|Any CPU
		{2FFC48B9-AD0F-4D06-A885-DBE158AB617F}.Debug|x86.Build.0 = Debug|Any CPU
		{2FFC48B9-AD0F-4D06-A885-DBE158AB617F}.Release|Any CPU.ActiveCfg = Release|Any CPU
		{2FFC48B9-AD0F-4D06-A885-DBE158AB617F}.Release|Any CPU.Build.0 = Release|Any CPU
		{2FFC48B9-AD0F-4D06-A885-DBE158AB617F}.Release|x64.ActiveCfg = Release|Any CPU
		{2FFC48B9-AD0F-4D06-A885-DBE158AB617F}.Release|x64.Build.0 = Release|Any CPU
		{2FFC48B9-AD0F-4D06-A885-DBE158AB617F}.Release|x86.ActiveCfg = Release|Any CPU
		{2FFC48B9-AD0F-4D06-A885-DBE158AB617F}.Release|x86.Build.0 = Release|Any CPU
		{ABB05381-0E01-AACF-6DEC-EB2C00ED26DA}.Debug|Any CPU.ActiveCfg = Debug|Any CPU
		{ABB05381-0E01-AACF-6DEC-EB2C00ED26DA}.Debug|Any CPU.Build.0 = Debug|Any CPU
		{ABB05381-0E01-AACF-6DEC-EB2C00ED26DA}.Debug|x64.ActiveCfg = Debug|Any CPU
		{ABB05381-0E01-AACF-6DEC-EB2C00ED26DA}.Debug|x64.Build.0 = Debug|Any CPU
		{ABB05381-0E01-AACF-6DEC-EB2C00ED26DA}.Debug|x86.ActiveCfg = Debug|Any CPU
		{ABB05381-0E01-AACF-6DEC-EB2C00ED26DA}.Debug|x86.Build.0 = Debug|Any CPU
		{ABB05381-0E01-AACF-6DEC-EB2C00ED26DA}.Release|Any CPU.ActiveCfg = Release|Any CPU
		{ABB05381-0E01-AACF-6DEC-EB2C00ED26DA}.Release|Any CPU.Build.0 = Release|Any CPU
		{ABB05381-0E01-AACF-6DEC-EB2C00ED26DA}.Release|x64.ActiveCfg = Release|Any CPU
		{ABB05381-0E01-AACF-6DEC-EB2C00ED26DA}.Release|x64.Build.0 = Release|Any CPU
		{ABB05381-0E01-AACF-6DEC-EB2C00ED26DA}.Release|x86.ActiveCfg = Release|Any CPU
		{ABB05381-0E01-AACF-6DEC-EB2C00ED26DA}.Release|x86.Build.0 = Release|Any CPU
		{E75B93F3-E792-4EAC-B800-2D1B0AAF5161}.Debug|Any CPU.ActiveCfg = Debug|Any CPU
		{E75B93F3-E792-4EAC-B800-2D1B0AAF5161}.Debug|Any CPU.Build.0 = Debug|Any CPU
		{E75B93F3-E792-4EAC-B800-2D1B0AAF5161}.Debug|x64.ActiveCfg = Debug|Any CPU
		{E75B93F3-E792-4EAC-B800-2D1B0AAF5161}.Debug|x64.Build.0 = Debug|Any CPU
		{E75B93F3-E792-4EAC-B800-2D1B0AAF5161}.Debug|x86.ActiveCfg = Debug|Any CPU
		{E75B93F3-E792-4EAC-B800-2D1B0AAF5161}.Debug|x86.Build.0 = Debug|Any CPU
		{E75B93F3-E792-4EAC-B800-2D1B0AAF5161}.Release|Any CPU.ActiveCfg = Release|Any CPU
		{E75B93F3-E792-4EAC-B800-2D1B0AAF5161}.Release|Any CPU.Build.0 = Release|Any CPU
		{E75B93F3-E792-4EAC-B800-2D1B0AAF5161}.Release|x64.ActiveCfg = Release|Any CPU
		{E75B93F3-E792-4EAC-B800-2D1B0AAF5161}.Release|x64.Build.0 = Release|Any CPU
		{E75B93F3-E792-4EAC-B800-2D1B0AAF5161}.Release|x86.ActiveCfg = Release|Any CPU
		{E75B93F3-E792-4EAC-B800-2D1B0AAF5161}.Release|x86.Build.0 = Release|Any CPU
		{71F12AAC-4BE8-48B5-ADA1-CDD232F9DD1B}.Debug|Any CPU.ActiveCfg = Debug|Any CPU
		{71F12AAC-4BE8-48B5-ADA1-CDD232F9DD1B}.Debug|Any CPU.Build.0 = Debug|Any CPU
		{71F12AAC-4BE8-48B5-ADA1-CDD232F9DD1B}.Debug|x64.ActiveCfg = Debug|Any CPU
		{71F12AAC-4BE8-48B5-ADA1-CDD232F9DD1B}.Debug|x64.Build.0 = Debug|Any CPU
		{71F12AAC-4BE8-48B5-ADA1-CDD232F9DD1B}.Debug|x86.ActiveCfg = Debug|Any CPU
		{71F12AAC-4BE8-48B5-ADA1-CDD232F9DD1B}.Debug|x86.Build.0 = Debug|Any CPU
		{71F12AAC-4BE8-48B5-ADA1-CDD232F9DD1B}.Release|Any CPU.ActiveCfg = Release|Any CPU
		{71F12AAC-4BE8-48B5-ADA1-CDD232F9DD1B}.Release|Any CPU.Build.0 = Release|Any CPU
		{71F12AAC-4BE8-48B5-ADA1-CDD232F9DD1B}.Release|x64.ActiveCfg = Release|Any CPU
		{71F12AAC-4BE8-48B5-ADA1-CDD232F9DD1B}.Release|x64.Build.0 = Release|Any CPU
		{71F12AAC-4BE8-48B5-ADA1-CDD232F9DD1B}.Release|x86.ActiveCfg = Release|Any CPU
		{71F12AAC-4BE8-48B5-ADA1-CDD232F9DD1B}.Release|x86.Build.0 = Release|Any CPU
	EndGlobalSection
	GlobalSection(SolutionProperties) = preSolution
		HideSolutionNode = FALSE
	EndGlobalSection
	GlobalSection(ExtensibilityGlobals) = postSolution
		SolutionGuid = {49AE6179-69F5-4886-8594-012A76CA9107}
	EndGlobalSection
EndGlobal
